// !$*UTF8*$!
{
	archiveVersion = 1;
	classes = {
	};
	objectVersion = 77;
	objects = {

/* Begin PBXBuildFile section */
		692F1CDE2F907F040037745D /* dictzip.c in Sources */ = {isa = PBXBuildFile; fileRef = 692F1CDB2F907F040037745D /* dictzip.c */; };
		692F1CDF2F907F040037745D /* dictzip.h in Headers */ = {isa = PBXBuildFile; fileRef = 692F1CDA2F907F040037745D /* dictzip.h */; };
		692F1CF82F91239F0037745D /* libdictzip.a in Frameworks */ = {isa = PBXBuildFile; fileRef = 692F1CCE2F907DEF0037745D /* libdictzip.a */; };
/* End PBXBuildFile section */

/* Begin PBXContainerItemProxy section */
		692F1CF52F9123990037745D /* PBXContainerItemProxy */ = {
			isa = PBXContainerItemProxy;
			containerPortal = 692F1CC62F907DEF0037745D /* Project object */;
			proxyType = 1;
			remoteGlobalIDString = 692F1CCD2F907DEF0037745D;
			remoteInfo = dictzip;
		};
/* End PBXContainerItemProxy section */

/* Begin PBXCopyFilesBuildPhase section */
		692F1CEC2F9123920037745D /* CopyFiles */ = {
			isa = PBXCopyFilesBuildPhase;
			buildActionMask = 2147483647;
			dstPath = /usr/share/man/man1/;
			dstSubfolderSpec = 0;
			files = (
			);
			runOnlyForDeploymentPostprocessing = 1;
		};
/* End PBXCopyFilesBuildPhase section */

/* Begin PBXFileReference section */
		692F1CCE2F907DEF0037745D /* libdictzip.a */ = {isa = PBXFileReference; explicitFileType = archive.ar; includeInIndex = 0; path = libdictzip.a; sourceTree = BUILT_PRODUCTS_DIR; };
		692F1CDA2F907F040037745D /* dictzip.h */ = {isa = PBXFileReference; lastKnownFileType = sourcecode.c.h; path = dictzip.h; sourceTree = "<group>"; };
		692F1CDB2F907F040037745D /* dictzip.c */ = {isa = PBXFileReference; lastKnownFileType = sourcecode.c.c; path = dictzip.c; sourceTree = "<group>"; };
		692F1CEE2F9123920037745D /* tests */ = {isa = PBXFileReference; explicitFileType = "compiled.mach-o.executable"; includeInIndex = 0; path = tests; sourceTree = BUILT_PRODUCTS_DIR; };
/* End PBXFileReference section */

/* Begin PBXFileSystemSynchronizedRootGroup section */
		692F1CEF2F9123920037745D /* tests */ = {
			isa = PBXFileSystemSynchronizedRootGroup;
			path = tests;
			sourceTree = "<group>";
		};
/* End PBXFileSystemSynchronizedRootGroup section */

/* Begin PBXFrameworksBuildPhase section */
		692F1CCC2F907DEF0037745D /* Frameworks */ = {
			isa = PBXFrameworksBuildPhase;
			buildActionMask = 2147483647;
			files = (
			);
			runOnlyForDeploymentPostprocessing = 0;
		};
		692F1CEB2F9123920037745D /* Frameworks */ = {
			isa = PBXFrameworksBuildPhase;
			buildActionMask = 2147483647;
			files = (
				692F1CF82F91239F0037745D /* libdictzip.a in Frameworks */,
			);
			runOnlyForDeploymentPostprocessing = 0;
		};
/* End PBXFrameworksBuildPhase section */

/* Begin PBXGroup section */
		692F1CC52F907DEF0037745D = {
			isa = PBXGroup;
			children = (
				692F1CD52F907DF70037745D /* src */,
				692F1CEF2F9123920037745D /* tests */,
				692F1CF72F91239F0037745D /* Frameworks */,
				692F1CCF2F907DEF0037745D /* Products */,
			);
			sourceTree = "<group>";
		};
		692F1CCF2F907DEF0037745D /* Products */ = {
			isa = PBXGroup;
			children = (
				692F1CCE2F907DEF0037745D /* libdictzip.a */,
				692F1CEE2F9123920037745D /* tests */,
			);
			name = Products;
			sourceTree = "<group>";
		};
		692F1CD52F907DF70037745D /* src */ = {
			isa = PBXGroup;
			children = (
				692F1CDA2F907F040037745D /* dictzip.h */,
				692F1CDB2F907F040037745D /* dictzip.c */,
			);
			path = src;
			sourceTree = "<group>";
		};
		692F1CF72F91239F0037745D /* Frameworks */ = {
			isa = PBXGroup;
			children = (
			);
			name = Frameworks;
			sourceTree = "<group>";
		};
/* End PBXGroup section */

/* Begin PBXHeadersBuildPhase section */
		692F1CCA2F907DEF0037745D /* Headers */ = {
			isa = PBXHeadersBuildPhase;
			buildActionMask = 2147483647;
			files = (
				692F1CDF2F907F040037745D /* dictzip.h in Headers */,
			);
			runOnlyForDeploymentPostprocessing = 0;
		};
/* End PBXHeadersBuildPhase section */

/* Begin PBXNativeTarget section */
		692F1CCD2F907DEF0037745D /* dictzip */ = {
			isa = PBXNativeTarget;
			buildConfigurationList = 692F1CD22F907DEF0037745D /* Build configuration list for PBXNativeTarget "dictzip" */;
			buildPhases = (
				692F1CCA2F907DEF0037745D /* Headers */,
				692F1CCB2F907DEF0037745D /* Sources */,
				692F1CCC2F907DEF0037745D /* Frameworks */,
			);
			buildRules = (
			);
			dependencies = (
			);
			name = dictzip;
			packageProductDependencies = (
			);
			productName = dictfile;
			productReference = 692F1CCE2F907DEF0037745D /* libdictzip.a */;
			productType = "com.apple.product-type.library.static";
		};
		692F1CED2F9123920037745D /* tests */ = {
			isa = PBXNativeTarget;
			buildConfigurationList = 692F1CF22F9123920037745D /* Build configuration list for PBXNativeTarget "tests" */;
			buildPhases = (
				692F1CEA2F9123920037745D /* Sources */,
				692F1CEB2F9123920037745D /* Frameworks */,
				692F1CEC2F9123920037745D /* CopyFiles */,
			);
			buildRules = (
			);
			dependencies = (
				692F1CF62F9123990037745D /* PBXTargetDependency */,
			);
			fileSystemSynchronizedGroups = (
				692F1CEF2F9123920037745D /* tests */,
			);
			name = tests;
			packageProductDependencies = (
			);
			productName = tests;
			productReference = 692F1CEE2F9123920037745D /* tests */;
			productType = "com.apple.product-type.tool";
		};
/* End PBXNativeTarget section */

/* Begin PBXProject section */
		692F1CC62F907DEF0037745D /* Project object */ = {
			isa = PBXProject;
			attributes = {
				BuildIndependentTargetsInParallel = 1;
				LastUpgradeCheck = 2640;
				TargetAttributes = {
					692F1CCD2F907DEF0037745D = {
						CreatedOnToolsVersion = 26.4;
					};
					692F1CED2F9123920037745D = {
						CreatedOnToolsVersion = 26.4;
					};
				};
			};
			buildConfigurationList = 692F1CC92F907DEF0037745D /* Build configuration list for PBXProject "dictzip" */;
			developmentRegion = en;
			hasScannedForEncodings = 0;
			knownRegions = (
				en,
				Base,
			);
			mainGroup = 692F1CC52F907DEF0037745D;
			minimizedProjectReferenceProxies = 1;
			preferredProjectObjectVersion = 77;
			productRefGroup = 692F1CCF2F907DEF0037745D /* Products */;
			projectDirPath = "";
			projectRoot = "";
			targets = (
				692F1CCD2F907DEF0037745D /* dictzip */,
				692F1CED2F9123920037745D /* tests */,
			);
		};
/* End PBXProject section */

/* Begin PBXSourcesBuildPhase section */
		692F1CCB2F907DEF0037745D /* Sources */ = {
			isa = PBXSourcesBuildPhase;
			buildActionMask = 2147483647;
			files = (
				692F1CDE2F907F040037745D /* dictzip.c in Sources */,
			);
			runOnlyForDeploymentPostprocessing = 0;
		};
		692F1CEA2F9123920037745D /* Sources */ = {
			isa = PBXSourcesBuildPhase;
			buildActionMask = 2147483647;
			files = (
			);
			runOnlyForDeploymentPostprocessing = 0;
		};
/* End PBXSourcesBuildPhase section */

/* Begin PBXTargetDependency section */
		692F1CF62F9123990037745D /* PBXTargetDependency */ = {
			isa = PBXTargetDependency;
			target = 692F1CCD2F907DEF0037745D /* dictzip */;
			targetProxy = 692F1CF52F9123990037745D /* PBXContainerItemProxy */;
		};
/* End PBXTargetDependency section */

/* Begin XCBuildConfiguration section */
		692F1CD02F907DEF0037745D /* Debug */ = {
			isa = XCBuildConfiguration;
			buildSettings = {
				ALWAYS_SEARCH_USER_PATHS = NO;
				ASSETCATALOG_COMPILER_GENERATE_SWIFT_ASSET_SYMBOL_EXTENSIONS = YES;
				CLANG_ANALYZER_NONNULL = YES;
				CLANG_ANALYZER_NUMBER_OBJECT_CONVERSION = YES_AGGRESSIVE;
				CLANG_CXX_LANGUAGE_STANDARD = "gnu++20";
				CLANG_ENABLE_MODULES = YES;
				CLANG_ENABLE_OBJC_ARC = YES;
				CLANG_ENABLE_OBJC_WEAK = YES;
				CLANG_WARN_BLOCK_CAPTURE_AUTORELEASING = YES;
				CLANG_WARN_BOOL_CONVERSION = YES;
				CLANG_WARN_COMMA = YES;
				CLANG_WARN_CONSTANT_CONVERSION = YES;
				CLANG_WARN_DEPRECATED_OBJC_IMPLEMENTATIONS = YES;
				CLANG_WARN_DIRECT_OBJC_ISA_USAGE = YES_ERROR;
				CLANG_WARN_DOCUMENTATION_COMMENTS = YES;
				CLANG_WARN_EMPTY_BODY = YES;
				CLANG_WARN_ENUM_CONVERSION = YES;
				CLANG_WARN_INFINITE_RECURSION = YES;
				CLANG_WARN_INT_CONVERSION = YES;
				CLANG_WARN_NON_LITERAL_NULL_CONVERSION = YES;
				CLANG_WARN_OBJC_IMPLICIT_RETAIN_SELF = YES;
				CLANG_WARN_OBJC_LITERAL_CONVERSION = YES;
				CLANG_WARN_OBJC_ROOT_CLASS = YES_ERROR;
				CLANG_WARN_QUOTED_INCLUDE_IN_FRAMEWORK_HEADER = YES;
				CLANG_WARN_RANGE_LOOP_ANALYSIS = YES;
				CLANG_WARN_STRICT_PROTOTYPES = YES;
				CLANG_WARN_SUSPICIOUS_MOVE = YES;
				CLANG_WARN_UNGUARDED_AVAILABILITY = YES_AGGRESSIVE;
				CLANG_WARN_UNREACHABLE_CODE = YES;
				CLANG_WARN__DUPLICATE_METHOD_MATCH = YES;
				COPY_PHASE_STRIP = NO;
				DEBUG_INFORMATION_FORMAT = dwarf;
				ENABLE_STRICT_OBJC_MSGSEND = YES;
				ENABLE_TESTABILITY = YES;
				ENABLE_USER_SCRIPT_SANDBOXING = YES;
				GCC_C_LANGUAGE_STANDARD = gnu17;
				GCC_DYNAMIC_NO_PIC = NO;
				GCC_NO_COMMON_BLOCKS = YES;
				GCC_OPTIMIZATION_LEVEL = 0;
				GCC_PREPROCESSOR_DEFINITIONS = (
					"DEBUG=1",
					"$(inherited)",
				);
				GCC_WARN_64_TO_32_BIT_CONVERSION = YES;
				GCC_WARN_ABOUT_RETURN_TYPE = YES_ERROR;
				GCC_WARN_UNDECLARED_SELECTOR = YES;
				GCC_WARN_UNINITIALIZED_AUTOS = YES_AGGRESSIVE;
				GCC_WARN_UNUSED_FUNCTION = YES;
				GCC_WARN_UNUSED_VARIABLE = YES;
				LOCALIZATION_PREFERS_STRING_CATALOGS = YES;
				MACOSX_DEPLOYMENT_TARGET = 26.3;
				MTL_ENABLE_DEBUG_INFO = INCLUDE_SOURCE;
				MTL_FAST_MATH = YES;
				ONLY_ACTIVE_ARCH = YES;
				SDKROOT = macosx;
			};
			name = Debug;
		};
		692F1CD12F907DEF0037745D /* Release */ = {
			isa = XCBuildConfiguration;
			buildSettings = {
				ALWAYS_SEARCH_USER_PATHS = NO;
				ASSETCATALOG_COMPILER_GENERATE_SWIFT_ASSET_SYMBOL_EXTENSIONS = YES;
				CLANG_ANALYZER_NONNULL = YES;
				CLANG_ANALYZER_NUMBER_OBJECT_CONVERSION = YES_AGGRESSIVE;
				CLANG_CXX_LANGUAGE_STANDARD = "gnu++20";
				CLANG_ENABLE_MODULES = YES;
				CLANG_ENABLE_OBJC_ARC = YES;
				CLANG_ENABLE_OBJC_WEAK = YES;
				CLANG_WARN_BLOCK_CAPTURE_AUTORELEASING = YES;
				CLANG_WARN_BOOL_CONVERSION = YES;
				CLANG_WARN_COMMA = YES;
				CLANG_WARN_CONSTANT_CONVERSION = YES;
				CLANG_WARN_DEPRECATED_OBJC_IMPLEMENTATIONS = YES;
				CLANG_WARN_DIRECT_OBJC_ISA_USAGE = YES_ERROR;
				CLANG_WARN_DOCUMENTATION_COMMENTS = YES;
				CLANG_WARN_EMPTY_BODY = YES;
				CLANG_WARN_ENUM_CONVERSION = YES;
				CLANG_WARN_INFINITE_RECURSION = YES;
				CLANG_WARN_INT_CONVERSION = YES;
				CLANG_WARN_NON_LITERAL_NULL_CONVERSION = YES;
				CLANG_WARN_OBJC_IMPLICIT_RETAIN_SELF = YES;
				CLANG_WARN_OBJC_LITERAL_CONVERSION = YES;
				CLANG_WARN_OBJC_ROOT_CLASS = YES_ERROR;
				CLANG_WARN_QUOTED_INCLUDE_IN_FRAMEWORK_HEADER = YES;
				CLANG_WARN_RANGE_LOOP_ANALYSIS = YES;
				CLANG_WARN_STRICT_PROTOTYPES = YES;
				CLANG_WARN_SUSPICIOUS_MOVE = YES;
				CLANG_WARN_UNGUARDED_AVAILABILITY = YES_AGGRESSIVE;
				CLANG_WARN_UNREACHABLE_CODE = YES;
				CLANG_WARN__DUPLICATE_METHOD_MATCH = YES;
				COPY_PHASE_STRIP = NO;
				DEBUG_INFORMATION_FORMAT = "dwarf-with-dsym";
				ENABLE_NS_ASSERTIONS = NO;
				ENABLE_STRICT_OBJC_MSGSEND = YES;
				ENABLE_USER_SCRIPT_SANDBOXING = YES;
				GCC_C_LANGUAGE_STANDARD = gnu17;
				GCC_NO_COMMON_BLOCKS = YES;
				GCC_WARN_64_TO_32_BIT_CONVERSION = YES;
				GCC_WARN_ABOUT_RETURN_TYPE = YES_ERROR;
				GCC_WARN_UNDECLARED_SELECTOR = YES;
				GCC_WARN_UNINITIALIZED_AUTOS = YES_AGGRESSIVE;
				GCC_WARN_UNUSED_FUNCTION = YES;
				GCC_WARN_UNUSED_VARIABLE = YES;
				LOCALIZATION_PREFERS_STRING_CATALOGS = YES;
				MACOSX_DEPLOYMENT_TARGET = 26.3;
				MTL_ENABLE_DEBUG_INFO = NO;
				MTL_FAST_MATH = YES;
				SDKROOT = macosx;
			};
			name = Release;
		};
		692F1CD32F907DEF0037745D /* Debug */ = {
			isa = XCBuildConfiguration;
			buildSettings = {
				CODE_SIGN_STYLE = Automatic;
				EXECUTABLE_PREFIX = lib;
				PRODUCT_NAME = "$(TARGET_NAME)";
				SKIP_INSTALL = YES;
			};
			name = Debug;
		};
		692F1CD42F907DEF0037745D /* Release */ = {
			isa = XCBuildConfiguration;
			buildSettings = {
				CODE_SIGN_STYLE = Automatic;
				EXECUTABLE_PREFIX = lib;
				PRODUCT_NAME = "$(TARGET_NAME)";
				SKIP_INSTALL = YES;
			};
			name = Release;
		};
		692F1CF32F9123920037745D /* Debug */ = {
			isa = XCBuildConfiguration;
			buildSettings = {
				CODE_SIGN_STYLE = Automatic;
				PRODUCT_NAME = "$(TARGET_NAME)";
			};
			name = Debug;
		};
		692F1CF42F9123920037745D /* Release */ = {
			isa = XCBuildConfiguration;
			buildSettings = {
				CODE_SIGN_STYLE = Automatic;
				PRODUCT_NAME = "$(TARGET_NAME)";
			};
			name = Release;
		};
/* End XCBuildConfiguration section */

/* Begin XCConfigurationList section */
		692F1CC92F907DEF0037745D /* Build configuration list for PBXProject "dictzip" */ = {
			isa = XCConfigurationList;
			buildConfigurations = (
				692F1CD02F907DEF0037745D /* Debug */,
				692F1CD12F907DEF0037745D /* Release */,
			);
			defaultConfigurationIsVisible = 0;
			defaultConfigurationName = Release;
		};
		692F1CD22F907DEF0037745D /* Build configuration list for PBXNativeTarget "dictzip" */ = {
			isa = XCConfigurationList;
			buildConfigurations = (
				692F1CD32F907DEF0037745D /* Debug */,
				692F1CD42F907DEF0037745D /* Release */,
			);
			defaultConfigurationIsVisible = 0;
			defaultConfigurationName = Release;
		};
		692F1CF22F9123920037745D /* Build configuration list for PBXNativeTarget "tests" */ = {
			isa = XCConfigurationList;
			buildConfigurations = (
				692F1CF32F9123920037745D /* Debug */,
				692F1CF42F9123920037745D /* Release */,
			);
			defaultConfigurationIsVisible = 0;
			defaultConfigurationName = Release;
		};
/* End XCConfigurationList section */
	};
	rootObject = 692F1CC62F907DEF0037745D /* Project object */;
}
